// !$*UTF8*$!
{
	archiveVersion = 1;
	classes = {
	};
	objectVersion = 50;
	objects = {

/* Begin PBXBuildFile section */
		0610E7D620BD607700A70280 /* AppDelegate.swift in Sources */ = {isa = PBXBuildFile; fileRef = 0610E7D520BD607700A70280 /* AppDelegate.swift */; };
		0610E7D820BD607700A70280 /* ViewController.swift in Sources */ = {isa = PBXBuildFile; fileRef = 0610E7D720BD607700A70280 /* ViewController.swift */; };
		0610E7DB20BD607700A70280 /* Main.storyboard in Resources */ = {isa = PBXBuildFile; fileRef = 0610E7D920BD607700A70280 /* Main.storyboard */; };
		0610E7DD20BD607800A70280 /* Assets.xcassets in Resources */ = {isa = PBXBuildFile; fileRef = 0610E7DC20BD607800A70280 /* Assets.xcassets */; };
		0610E7E020BD607800A70280 /* LaunchScreen.storyboard in Resources */ = {isa = PBXBuildFile; fileRef = 0610E7DE20BD607800A70280 /* LaunchScreen.storyboard */; };
		0610E7EB20BD607800A70280 /* ShowAlbumTests.swift in Sources */ = {isa = PBXBuildFile; fileRef = 0610E7EA20BD607800A70280 /* ShowAlbumTests.swift */; };
		0610E7F620BD607800A70280 /* ShowAlbumUITests.swift in Sources */ = {isa = PBXBuildFile; fileRef = 0610E7F520BD607800A70280 /* ShowAlbumUITests.swift */; };
		0610E80420BE3D1B00A70280 /* PhotoViewController.swift in Sources */ = {isa = PBXBuildFile; fileRef = 0610E80320BE3D1B00A70280 /* PhotoViewController.swift */; };
/* End PBXBuildFile section */

/* Begin PBXContainerItemProxy section */
		0610E7E720BD607800A70280 /* PBXContainerItemProxy */ = {
			isa = PBXContainerItemProxy;
			containerPortal = 0610E7CA20BD607700A70280 /* Project object */;
			proxyType = 1;
			remoteGlobalIDString = 0610E7D120BD607700A70280;
			remoteInfo = ShowAlbum;
		};
		0610E7F220BD607800A70280 /* PBXContainerItemProxy */ = {
			isa = PBXContainerItemProxy;
			containerPortal = 0610E7CA20BD607700A70280 /* Project object */;
			proxyType = 1;
			remoteGlobalIDString = 0610E7D120BD607700A70280;
			remoteInfo = ShowAlbum;
		};
/* End PBXContainerItemProxy section */

/* Begin PBXFileReference section */
		0610E7D220BD607700A70280 /* ShowAlbum.app */ = {isa = PBXFileReference; explicitFileType = wrapper.application; includeInIndex = 0; path = ShowAlbum.app; sourceTree = BUILT_PRODUCTS_DIR; };
		0610E7D520BD607700A70280 /* AppDelegate.swift */ = {isa = PBXFileReference; lastKnownFileType = sourcecode.swift; path = AppDelegate.swift; sourceTree = "<group>"; };
		0610E7D720BD607700A70280 /* ViewController.swift */ = {isa = PBXFileReference; lastKnownFileType = sourcecode.swift; path = ViewController.swift; sourceTree = "<group>"; };
		0610E7DA20BD607700A70280 /* Base */ = {isa = PBXFileReference; lastKnownFileType = file.storyboard; name = Base; path = Base.lproj/Main.storyboard; sourceTree = "<group>"; };
		0610E7DC20BD607800A70280 /* Assets.xcassets */ = {isa = PBXFileReference; lastKnownFileType = folder.assetcatalog; path = Assets.xcassets; sourceTree = "<group>"; };
		0610E7DF20BD607800A70280 /* Base */ = {isa = PBXFileReference; lastKnownFileType = file.storyboard; name = Base; path = Base.lproj/LaunchScreen.storyboard; sourceTree = "<group>"; };
		0610E7E120BD607800A70280 /* Info.plist */ = {isa = PBXFileReference; lastKnownFileType = text.plist.xml; path = Info.plist; sourceTree = "<group>"; };
		0610E7E620BD607800A70280 /* ShowAlbumTests.xctest */ = {isa = PBXFileReference; explicitFileType = wrapper.cfbundle; includeInIndex = 0; path = ShowAlbumTests.xctest; sourceTree = BUILT_PRODUCTS_DIR; };
		0610E7EA20BD607800A70280 /* ShowAlbumTests.swift */ = {isa = PBXFileReference; lastKnownFileType = sourcecode.swift; path = ShowAlbumTests.swift; sourceTree = "<group>"; };
		0610E7EC20BD607800A70280 /* Info.plist */ = {isa = PBXFileReference; lastKnownFileType = text.plist.xml; path = Info.plist; sourceTree = "<group>"; };
		0610E7F120BD607800A70280 /* ShowAlbumUITests.xctest */ = {isa = PBXFileReference; explicitFileType = wrapper.cfbundle; includeInIndex = 0; path = ShowAlbumUITests.xctest; sourceTree = BUILT_PRODUCTS_DIR; };
		0610E7F520BD607800A70280 /* ShowAlbumUITests.swift */ = {isa = PBXFileReference; lastKnownFileType = sourcecode.swift; path = ShowAlbumUITests.swift; sourceTree = "<group>"; };
		0610E7F720BD607800A70280 /* Info.plist */ = {isa = PBXFileReference; lastKnownFileType = text.plist.xml; path = Info.plist; sourceTree = "<group>"; };
		0610E80320BE3D1B00A70280 /* PhotoViewController.swift */ = {isa = PBXFileReference; lastKnownFileType = sourcecode.swift; path = PhotoViewController.swift; sourceTree = "<group>"; };
/* End PBXFileReference section */

/* Begin PBXFrameworksBuildPhase section */
		0610E7CF20BD607700A70280 /* Frameworks */ = {
			isa = PBXFrameworksBuildPhase;
			buildActionMask = 2147483647;
			files = (
			);
			runOnlyForDeploymentPostprocessing = 0;
		};
		0610E7E320BD607800A70280 /* Frameworks */ = {
			isa = PBXFrameworksBuildPhase;
			buildActionMask = 2147483647;
			files = (
			);
			runOnlyForDeploymentPostprocessing = 0;
		};
		0610E7EE20BD607800A70280 /* Frameworks */ = {
			isa = PBXFrameworksBuildPhase;
			buildActionMask = 2147483647;
			files = (
			);
			runOnlyForDeploymentPostprocessing = 0;
		};
/* End PBXFrameworksBuildPhase section */

/* Begin PBXGroup section */
		0610E7C920BD607700A70280 = {
			isa = PBXGroup;
			children = (
				0610E7D420BD607700A70280 /* ShowAlbum */,
				0610E7E920BD607800A70280 /* ShowAlbumTests */,
				0610E7F420BD607800A70280 /* ShowAlbumUITests */,
				0610E7D320BD607700A70280 /* Products */,
			);
			sourceTree = "<group>";
		};
		0610E7D320BD607700A70280 /* Products */ = {
			isa = PBXGroup;
			children = (
				0610E7D220BD607700A70280 /* ShowAlbum.app */,
				0610E7E620BD607800A70280 /* ShowAlbumTests.xctest */,
				0610E7F120BD607800A70280 /* ShowAlbumUITests.xctest */,
			);
			name = Products;
			sourceTree = "<group>";
		};
		0610E7D420BD607700A70280 /* ShowAlbum */ = {
			isa = PBXGroup;
			children = (
				0610E7D520BD607700A70280 /* AppDelegate.swift */,
				0610E7D720BD607700A70280 /* ViewController.swift */,
				0610E80320BE3D1B00A70280 /* PhotoViewController.swift */,
				0610E7D920BD607700A70280 /* Main.storyboard */,
				0610E7DC20BD607800A70280 /* Assets.xcassets */,
				0610E7DE20BD607800A70280 /* LaunchScreen.storyboard */,
				0610E7E120BD607800A70280 /* Info.plist */,
			);
			path = ShowAlbum;
			sourceTree = "<group>";
		};
		0610E7E920BD607800A70280 /* ShowAlbumTests */ = {
			isa = PBXGroup;
			children = (
				0610E7EA20BD607800A70280 /* ShowAlbumTests.swift */,
				0610E7EC20BD607800A70280 /* Info.plist */,
			);
			path = ShowAlbumTests;
			sourceTree = "<group>";
		};
		0610E7F420BD607800A70280 /* ShowAlbumUITests */ = {
			isa = PBXGroup;
			children = (
				0610E7F520BD607800A70280 /* ShowAlbumUITests.swift */,
				0610E7F720BD607800A70280 /* Info.plist */,
			);
			path = ShowAlbumUITests;
			sourceTree = "<group>";
		};
/* End PBXGroup section */

/* Begin PBXNativeTarget section */
		0610E7D120BD607700A70280 /* ShowAlbum */ = {
			isa = PBXNativeTarget;
			buildConfigurationList = 0610E7FA20BD607800A70280 /* Build configuration list for PBXNativeTarget "ShowAlbum" */;
			buildPhases = (
				0610E7CE20BD607700A70280 /* Sources */,
				0610E7CF20BD607700A70280 /* Frameworks */,
				0610E7D020BD607700A70280 /* Resources */,
			);
			buildRules = (
			);
			dependencies = (
			);
			name = ShowAlbum;
			productName = ShowAlbum;
			productReference = 0610E7D220BD607700A70280 /* ShowAlbum.app */;
			productType = "com.apple.product-type.application";
		};
		0610E7E520BD607800A70280 /* ShowAlbumTests */ = {
			isa = PBXNativeTarget;
			buildConfigurationList = 0610E7FD20BD607800A70280 /* Build configuration list for PBXNativeTarget "ShowAlbumTests" */;
			buildPhases = (
				0610E7E220BD607800A70280 /* Sources */,
				0610E7E320BD607800A70280 /* Frameworks */,
				0610E7E420BD607800A70280 /* Resources */,
			);
			buildRules = (
			);
			dependencies = (
				0610E7E820BD607800A70280 /* PBXTargetDependency */,
			);
			name = ShowAlbumTests;
			productName = ShowAlbumTests;
			productReference = 0610E7E620BD607800A70280 /* ShowAlbumTests.xctest */;
			productType = "com.apple.product-type.bundle.unit-test";
		};
		0610E7F020BD607800A70280 /* ShowAlbumUITests */ = {
			isa = PBXNativeTarget;
			buildConfigurationList = 0610E80020BD607800A70280 /* Build configuration list for PBXNativeTarget "ShowAlbumUITests" */;
			buildPhases = (
				0610E7ED20BD607800A70280 /* Sources */,
				0610E7EE20BD607800A70280 /* Frameworks */,
				0610E7EF20BD607800A70280 /* Resources */,
			);
			buildRules = (
			);
			dependencies = (
				0610E7F320BD607800A70280 /* PBXTargetDependency */,
			);
			name = ShowAlbumUITests;
			productName = ShowAlbumUITests;
			productReference = 0610E7F120BD607800A70280 /* ShowAlbumUITests.xctest */;
			productType = "com.apple.product-type.bundle.ui-testing";
		};
/* End PBXNativeTarget section */

/* Begin PBXProject section */
		0610E7CA20BD607700A70280 /* Project object */ = {
			isa = PBXProject;
			attributes = {
				LastSwiftUpdateCheck = 0930;
				LastUpgradeCheck = 0930;
				ORGANIZATIONNAME = Ayaka;
				TargetAttributes = {
					0610E7D120BD607700A70280 = {
						CreatedOnToolsVersion = 9.3;
					};
					0610E7E520BD607800A70280 = {
						CreatedOnToolsVersion = 9.3;
						TestTargetID = 0610E7D120BD607700A70280;
					};
					0610E7F020BD607800A70280 = {
						CreatedOnToolsVersion = 9.3;
						TestTargetID = 0610E7D120BD607700A70280;
					};
				};
			};
			buildConfigurationList = 0610E7CD20BD607700A70280 /* Build configuration list for PBXProject "ShowAlbum" */;
			compatibilityVersion = "Xcode 9.3";
			developmentRegion = en;
			hasScannedForEncodings = 0;
			knownRegions = (
				en,
				Base,
			);
			mainGroup = 0610E7C920BD607700A70280;
			productRefGroup = 0610E7D320BD607700A70280 /* Products */;
			projectDirPath = "";
			projectRoot = "";
			targets = (
				0610E7D120BD607700A70280 /* ShowAlbum */,
				0610E7E520BD607800A70280 /* ShowAlbumTests */,
				0610E7F020BD607800A70280 /* ShowAlbumUITests */,
			);
		};
/* End PBXProject section */

/* Begin PBXResourcesBuildPhase section */
		0610E7D020BD607700A70280 /* Resources */ = {
			isa = PBXResourcesBuildPhase;
			buildActionMask = 2147483647;
			files = (
				0610E7E020BD607800A70280 /* LaunchScreen.storyboard in Resources */,
				0610E7DD20BD607800A70280 /* Assets.xcassets in Resources */,
				0610E7DB20BD607700A70280 /* Main.storyboard in Resources */,
			);
			runOnlyForDeploymentPostprocessing = 0;
		};
		0610E7E420BD607800A70280 /* Resources */ = {
			isa = PBXResourcesBuildPhase;
			buildActionMask = 2147483647;
			files = (
			);
			runOnlyForDeploymentPostprocessing = 0;
		};
		0610E7EF20BD607800A70280 /* Resources */ = {
			isa = PBXResourcesBuildPhase;
			buildActionMask = 2147483647;
			files = (
			);
			runOnlyForDeploymentPostprocessing = 0;
		};
/* End PBXResourcesBuildPhase section */

/* Begin PBXSourcesBuildPhase section */
		0610E7CE20BD607700A70280 /* Sources */ = {
			isa = PBXSourcesBuildPhase;
			buildActionMask = 2147483647;
			files = (
				0610E7D820BD607700A70280 /* ViewController.swift in Sources */,
				0610E7D620BD607700A70280 /* AppDelegate.swift in Sources */,
				0610E80420BE3D1B00A70280 /* PhotoViewController.swift in Sources */,
			);
			runOnlyForDeploymentPostprocessing = 0;
		};
		0610E7E220BD607800A70280 /* Sources */ = {
			isa = PBXSourcesBuildPhase;
			buildActionMask = 2147483647;
			files = (
				0610E7EB20BD607800A70280 /* ShowAlbumTests.swift in Sources */,
			);
			runOnlyForDeploymentPostprocessing = 0;
		};
		0610E7ED20BD607800A70280 /* Sources */ = {
			isa = PBXSourcesBuildPhase;
			buildActionMask = 2147483647;
			files = (
				0610E7F620BD607800A70280 /* ShowAlbumUITests.swift in Sources */,
			);
			runOnlyForDeploymentPostprocessing = 0;
		};
/* End PBXSourcesBuildPhase section */

/* Begin PBXTargetDependency section */
		0610E7E820BD607800A70280 /* PBXTargetDependency */ = {
			isa = PBXTargetDependency;
			target = 0610E7D120BD607700A70280 /* ShowAlbum */;
			targetProxy = 0610E7E720BD607800A70280 /* PBXContainerItemProxy */;
		};
		0610E7F320BD607800A70280 /* PBXTargetDependency */ = {
			isa = PBXTargetDependency;
			target = 0610E7D120BD607700A70280 /* ShowAlbum */;
			targetProxy = 0610E7F220BD607800A70280 /* PBXContainerItemProxy */;
		};
/* End PBXTargetDependency section */

/* Begin PBXVariantGroup section */
		0610E7D920BD607700A70280 /* Main.storyboard */ = {
			isa = PBXVariantGroup;
			children = (
				0610E7DA20BD607700A70280 /* Base */,
			);
			name = Main.storyboard;
			sourceTree = "<group>";
		};
		0610E7DE20BD607800A70280 /* LaunchScreen.storyboard */ = {
			isa = PBXVariantGroup;
			children = (
				0610E7DF20BD607800A70280 /* Base */,
			);
			name = LaunchScreen.storyboard;
			sourceTree = "<group>";
		};
/* End PBXVariantGroup section */

/* Begin XCBuildConfiguration section */
		0610E7F820BD607800A70280 /* Debug */ = {
			isa = XCBuildConfiguration;
			buildSettings = {
				ALWAYS_SEARCH_USER_PATHS = NO;
				CLANG_ANALYZER_NONNULL = YES;
				CLANG_ANALYZER_NUMBER_OBJECT_CONVERSION = YES_AGGRESSIVE;
				CLANG_CXX_LANGUAGE_STANDARD = "gnu++14";
				CLANG_CXX_LIBRARY = "libc++";
				CLANG_ENABLE_MODULES = YES;
				CLANG_ENABLE_OBJC_ARC = YES;
				CLANG_ENABLE_OBJC_WEAK = YES;
				CLANG_WARN_BLOCK_CAPTURE_AUTORELEASING = YES;
				CLANG_WARN_BOOL_CONVERSION = YES;
				CLANG_WARN_COMMA = YES;
				CLANG_WARN_CONSTANT_CONVERSION = YES;
				CLANG_WARN_DEPRECATED_OBJC_IMPLEMENTATIONS = YES;
				CLANG_WARN_DIRECT_OBJC_ISA_USAGE = YES_ERROR;
				CLANG_WARN_DOCUMENTATION_COMMENTS = YES;
				CLANG_WARN_EMPTY_BODY = YES;
				CLANG_WARN_ENUM_CONVERSION = YES;
				CLANG_WARN_INFINITE_RECURSION = YES;
				CLANG_WARN_INT_CONVERSION = YES;
				CLANG_WARN_NON_LITERAL_NULL_CONVERSION = YES;
				CLANG_WARN_OBJC_IMPLICIT_RETAIN_SELF = YES;
				CLANG_WARN_OBJC_LITERAL_CONVERSION = YES;
				CLANG_WARN_OBJC_ROOT_CLASS = YES_ERROR;
				CLANG_WARN_RANGE_LOOP_ANALYSIS = YES;
				CLANG_WARN_STRICT_PROTOTYPES = YES;
				CLANG_WARN_SUSPICIOUS_MOVE = YES;
				CLANG_WARN_UNGUARDED_AVAILABILITY = YES_AGGRESSIVE;
				CLANG_WARN_UNREACHABLE_CODE = YES;
				CLANG_WARN__DUPLICATE_METHOD_MATCH = YES;
				CODE_SIGN_IDENTITY = "iPhone Developer";
				COPY_PHASE_STRIP = NO;
				DEBUG_INFORMATION_FORMAT = dwarf;
				ENABLE_STRICT_OBJC_MSGSEND = YES;
				ENABLE_TESTABILITY = YES;
				GCC_C_LANGUAGE_STANDARD = gnu11;
				GCC_DYNAMIC_NO_PIC = NO;
				GCC_NO_COMMON_BLOCKS = YES;
				GCC_OPTIMIZATION_LEVEL = 0;
				GCC_PREPROCESSOR_DEFINITIONS = (
					"DEBUG=1",
					"$(inherited)",
				);
				GCC_WARN_64_TO_32_BIT_CONVERSION = YES;
				GCC_WARN_ABOUT_RETURN_TYPE = YES_ERROR;
				GCC_WARN_UNDECLARED_SELECTOR = YES;
				GCC_WARN_UNINITIALIZED_AUTOS = YES_AGGRESSIVE;
				GCC_WARN_UNUSED_FUNCTION = YES;
				GCC_WARN_UNUSED_VARIABLE = YES;
				IPHONEOS_DEPLOYMENT_TARGET = 11.3;
				MTL_ENABLE_DEBUG_INFO = YES;
				ONLY_ACTIVE_ARCH = YES;
				SDKROOT = iphoneos;
				SWIFT_ACTIVE_COMPILATION_CONDITIONS = DEBUG;
				SWIFT_OPTIMIZATION_LEVEL = "-Onone";
			};
			name = Debug;
		};
		0610E7F920BD607800A70280 /* Release */ = {
			isa = XCBuildConfiguration;
			buildSettings = {
				ALWAYS_SEARCH_USER_PATHS = NO;
				CLANG_ANALYZER_NONNULL = YES;
				CLANG_ANALYZER_NUMBER_OBJECT_CONVERSION = YES_AGGRESSIVE;
				CLANG_CXX_LANGUAGE_STANDARD = "gnu++14";
				CLANG_CXX_LIBRARY = "libc++";
				CLANG_ENABLE_MODULES = YES;
				CLANG_ENABLE_OBJC_ARC = YES;
				CLANG_ENABLE_OBJC_WEAK = YES;
				CLANG_WARN_BLOCK_CAPTURE_AUTORELEASING = YES;
				CLANG_WARN_BOOL_CONVERSION = YES;
				CLANG_WARN_COMMA = YES;
				CLANG_WARN_CONSTANT_CONVERSION = YES;
				CLANG_WARN_DEPRECATED_OBJC_IMPLEMENTATIONS = YES;
				CLANG_WARN_DIRECT_OBJC_ISA_USAGE = YES_ERROR;
				CLANG_WARN_DOCUMENTATION_COMMENTS = YES;
				CLANG_WARN_EMPTY_BODY = YES;
				CLANG_WARN_ENUM_CONVERSION = YES;
				CLANG_WARN_INFINITE_RECURSION = YES;
				CLANG_WARN_INT_CONVERSION = YES;
				CLANG_WARN_NON_LITERAL_NULL_CONVERSION = YES;
				CLANG_WARN_OBJC_IMPLICIT_RETAIN_SELF = YES;
				CLANG_WARN_OBJC_LITERAL_CONVERSION = YES;
				CLANG_WARN_OBJC_ROOT_CLASS = YES_ERROR;
				CLANG_WARN_RANGE_LOOP_ANALYSIS = YES;
				CLANG_WARN_STRICT_PROTOTYPES = YES;
				CLANG_WARN_SUSPICIOUS_MOVE = YES;
				CLANG_WARN_UNGUARDED_AVAILABILITY = YES_AGGRESSIVE;
				CLANG_WARN_UNREACHABLE_CODE = YES;
				CLANG_WARN__DUPLICATE_METHOD_MATCH = YES;
				CODE_SIGN_IDENTITY = "iPhone Developer";
				COPY_PHASE_STRIP = NO;
				DEBUG_INFORMATION_FORMAT = "dwarf-with-dsym";
				ENABLE_NS_ASSERTIONS = NO;
				ENABLE_STRICT_OBJC_MSGSEND = YES;
				GCC_C_LANGUAGE_STANDARD = gnu11;
				GCC_NO_COMMON_BLOCKS = YES;
				GCC_WARN_64_TO_32_BIT_CONVERSION = YES;
				GCC_WARN_ABOUT_RETURN_TYPE = YES_ERROR;
				GCC_WARN_UNDECLARED_SELECTOR = YES;
				GCC_WARN_UNINITIALIZED_AUTOS = YES_AGGRESSIVE;
				GCC_WARN_UNUSED_FUNCTION = YES;
				GCC_WARN_UNUSED_VARIABLE = YES;
				IPHONEOS_DEPLOYMENT_TARGET = 11.3;
				MTL_ENABLE_DEBUG_INFO = NO;
				SDKROOT = iphoneos;
				SWIFT_COMPILATION_MODE = wholemodule;
				SWIFT_OPTIMIZATION_LEVEL = "-O";
				VALIDATE_PRODUCT = YES;
			};
			name = Release;
		};
		0610E7FB20BD607800A70280 /* Debug */ = {
			isa = XCBuildConfiguration;
			buildSettings = {
				ASSETCATALOG_COMPILER_APPICON_NAME = AppIcon;
				CODE_SIGN_STYLE = Automatic;
				INFOPLIST_FILE = ShowAlbum/Info.plist;
				LD_RUNPATH_SEARCH_PATHS = (
					"$(inherited)",
					"@executable_path/Frameworks",
				);
				PRODUCT_BUNDLE_IDENTIFIER = com.Bearhouse.ShowAlbum;
				PRODUCT_NAME = "$(TARGET_NAME)";
				SWIFT_VERSION = 4.0;
				TARGETED_DEVICE_FAMILY = "1,2";
			};
			name = Debug;
		};
		0610E7FC20BD607800A70280 /* Release */ = {
			isa = XCBuildConfiguration;
			buildSettings = {
				ASSETCATALOG_COMPILER_APPICON_NAME = AppIcon;
				CODE_SIGN_STYLE = Automatic;
				INFOPLIST_FILE = ShowAlbum/Info.plist;
				LD_RUNPATH_SEARCH_PATHS = (
					"$(inherited)",
					"@executable_path/Frameworks",
				);
				PRODUCT_BUNDLE_IDENTIFIER = com.Bearhouse.ShowAlbum;
				PRODUCT_NAME = "$(TARGET_NAME)";
				SWIFT_VERSION = 4.0;
				TARGETED_DEVICE_FAMILY = "1,2";
			};
			name = Release;
		};
		0610E7FE20BD607800A70280 /* Debug */ = {
			isa = XCBuildConfiguration;
			buildSettings = {
				ALWAYS_EMBED_SWIFT_STANDARD_LIBRARIES = YES;
				BUNDLE_LOADER = "$(TEST_HOST)";
				CODE_SIGN_STYLE = Automatic;
				INFOPLIST_FILE = ShowAlbumTests/Info.plist;
				LD_RUNPATH_SEARCH_PATHS = (
					"$(inherited)",
					"@executable_path/Frameworks",
					"@loader_path/Frameworks",
				);
				PRODUCT_BUNDLE_IDENTIFIER = com.Bearhouse.ShowAlbumTests;
				PRODUCT_NAME = "$(TARGET_NAME)";
				SWIFT_VERSION = 4.0;
				TARGETED_DEVICE_FAMILY = "1,2";
				TEST_HOST = "$(BUILT_PRODUCTS_DIR)/ShowAlbum.app/ShowAlbum";
			};
			name = Debug;
		};
		0610E7FF20BD607800A70280 /* Release */ = {
			isa = XCBuildConfiguration;
			buildSettings = {
				ALWAYS_EMBED_SWIFT_STANDARD_LIBRARIES = YES;
				BUNDLE_LOADER = "$(TEST_HOST)";
				CODE_SIGN_STYLE = Automatic;
				INFOPLIST_FILE = ShowAlbumTests/Info.plist;
				LD_RUNPATH_SEARCH_PATHS = (
					"$(inherited)",
					"@executable_path/Frameworks",
					"@loader_path/Frameworks",
				);
				PRODUCT_BUNDLE_IDENTIFIER = com.Bearhouse.ShowAlbumTests;
				PRODUCT_NAME = "$(TARGET_NAME)";
				SWIFT_VERSION = 4.0;
				TARGETED_DEVICE_FAMILY = "1,2";
				TEST_HOST = "$(BUILT_PRODUCTS_DIR)/ShowAlbum.app/ShowAlbum";
			};
			name = Release;
		};
		0610E80120BD607800A70280 /* Debug */ = {
			isa = XCBuildConfiguration;
			buildSettings = {
				ALWAYS_EMBED_SWIFT_STANDARD_LIBRARIES = YES;
				CODE_SIGN_STYLE = Automatic;
				INFOPLIST_FILE = ShowAlbumUITests/Info.plist;
				LD_RUNPATH_SEARCH_PATHS = (
					"$(inherited)",
					"@executable_path/Frameworks",
					"@loader_path/Frameworks",
				);
				PRODUCT_BUNDLE_IDENTIFIER = com.Bearhouse.ShowAlbumUITests;
				PRODUCT_NAME = "$(TARGET_NAME)";
				SWIFT_VERSION = 4.0;
				TARGETED_DEVICE_FAMILY = "1,2";
				TEST_TARGET_NAME = ShowAlbum;
			};
			name = Debug;
		};
		0610E80220BD607800A70280 /* Release */ = {
			isa = XCBuildConfiguration;
			buildSettings = {
				ALWAYS_EMBED_SWIFT_STANDARD_LIBRARIES = YES;
				CODE_SIGN_STYLE = Automatic;
				INFOPLIST_FILE = ShowAlbumUITests/Info.plist;
				LD_RUNPATH_SEARCH_PATHS = (
					"$(inherited)",
					"@executable_path/Frameworks",
					"@loader_path/Frameworks",
				);
				PRODUCT_BUNDLE_IDENTIFIER = com.Bearhouse.ShowAlbumUITests;
				PRODUCT_NAME = "$(TARGET_NAME)";
				SWIFT_VERSION = 4.0;
				TARGETED_DEVICE_FAMILY = "1,2";
				TEST_TARGET_NAME = ShowAlbum;
			};
			name = Release;
		};
/* End XCBuildConfiguration section */

/* Begin XCConfigurationList section */
		0610E7CD20BD607700A70280 /* Build configuration list for PBXProject "ShowAlbum" */ = {
			isa = XCConfigurationList;
			buildConfigurations = (
				0610E7F820BD607800A70280 /* Debug */,
				0610E7F920BD607800A70280 /* Release */,
			);
			defaultConfigurationIsVisible = 0;
			defaultConfigurationName = Release;
		};
		0610E7FA20BD607800A70280 /* Build configuration list for PBXNativeTarget "ShowAlbum" */ = {
			isa = XCConfigurationList;
			buildConfigurations = (
				0610E7FB20BD607800A70280 /* Debug */,
				0610E7FC20BD607800A70280 /* Release */,
			);
			defaultConfigurationIsVisible = 0;
			defaultConfigurationName = Release;
		};
		0610E7FD20BD607800A70280 /* Build configuration list for PBXNativeTarget "ShowAlbumTests" */ = {
			isa = XCConfigurationList;
			buildConfigurations = (
				0610E7FE20BD607800A70280 /* Debug */,
				0610E7FF20BD607800A70280 /* Release */,
			);
			defaultConfigurationIsVisible = 0;
			defaultConfigurationName = Release;
		};
		0610E80020BD607800A70280 /* Build configuration list for PBXNativeTarget "ShowAlbumUITests" */ = {
			isa = XCConfigurationList;
			buildConfigurations = (
				0610E80120BD607800A70280 /* Debug */,
				0610E80220BD607800A70280 /* Release */,
			);
			defaultConfigurationIsVisible = 0;
			defaultConfigurationName = Release;
		};
/* End XCConfigurationList section */
	};
	rootObject = 0610E7CA20BD607700A70280 /* Project object */;
}
